
Microsoft Visual Studio Solution File, Format Version 12.00
# Visual Studio Version 16
VisualStudioVersion = 16.0.30907.101
MinimumVisualStudioVersion = 10.0.40219.1
Project("{9A19103F-16F7-4668-BE54-9A1E7A4F7556}") = "VirtualSports.Web", "VirtualSports.Web\VirtualSports.Web.csproj", "{522682AA-84FA-4F42-B919-391258323D2F}"
EndProject
Project("{9A19103F-16F7-4668-BE54-9A1E7A4F7556}") = "VirtualSports.Tests", "VirtualSports.Tests\VirtualSports.Tests.csproj", "{FB760B9B-459C-4B18-9887-A5F3F6096B70}"
EndProject
Project("{9A19103F-16F7-4668-BE54-9A1E7A4F7556}") = "VirtualSports.BLL", "VirtualSports.BLL\VirtualSports.BLL.csproj", "{B645AE22-07C6-4A1D-BBF9-BBF599A8C07A}"
EndProject
Project("{9A19103F-16F7-4668-BE54-9A1E7A4F7556}") = "VirtualSports.DAL", "VirtualSports.DAL\VirtualSports.DAL.csproj", "{61E99C52-6FE0-4D51-8AEB-E08C49D48320}"
EndProject
Project("{FAE04EC0-301F-11D3-BF4B-00C04F79EFBC}") = "VirtualSports.Lib", "VirtualSports.Lib\VirtualSports.Lib.csproj", "{50C5D307-B798-490C-AF7A-AB221F0D12AE}"
EndProject
Global
	GlobalSection(SolutionConfigurationPlatforms) = preSolution
		Debug|Any CPU = Debug|Any CPU
		Release|Any CPU = Release|Any CPU
	EndGlobalSection
	GlobalSection(ProjectConfigurationPlatforms) = postSolution
		{522682AA-84FA-4F42-B919-391258323D2F}.Debug|Any CPU.ActiveCfg = Debug|Any CPU
		{522682AA-84FA-4F42-B919-391258323D2F}.Debug|Any CPU.Build.0 = Debug|Any CPU
		{522682AA-84FA-4F42-B919-391258323D2F}.Release|Any CPU.ActiveCfg = Release|Any CPU
		{522682AA-84FA-4F42-B919-391258323D2F}.Release|Any CPU.Build.0 = Release|Any CPU
		{FB760B9B-459C-4B18-9887-A5F3F6096B70}.Debug|Any CPU.ActiveCfg = Debug|Any CPU
		{FB760B9B-459C-4B18-9887-A5F3F6096B70}.Debug|Any CPU.Build.0 = Debug|Any CPU
		{FB760B9B-459C-4B18-9887-A5F3F6096B70}.Release|Any CPU.ActiveCfg = Release|Any CPU
		{FB760B9B-459C-4B18-9887-A5F3F6096B70}.Release|Any CPU.Build.0 = Release|Any CPU
		{B645AE22-07C6-4A1D-BBF9-BBF599A8C07A}.Debug|Any CPU.ActiveCfg = Debug|Any CPU
		{B645AE22-07C6-4A1D-BBF9-BBF599A8C07A}.Debug|Any CPU.Build.0 = Debug|Any CPU
		{B645AE22-07C6-4A1D-BBF9-BBF599A8C07A}.Release|Any CPU.ActiveCfg = Release|Any CPU
		{B645AE22-07C6-4A1D-BBF9-BBF599A8C07A}.Release|Any CPU.Build.0 = Release|Any CPU
		{61E99C52-6FE0-4D51-8AEB-E08C49D48320}.Debug|Any CPU.ActiveCfg = Debug|Any CPU
		{61E99C52-6FE0-4D51-8AEB-E08C49D48320}.Debug|Any CPU.Build.0 = Debug|Any CPU
		{61E99C52-6FE0-4D51-8AEB-E08C49D48320}.Release|Any CPU.ActiveCfg = Release|Any CPU
		{61E99C52-6FE0-4D51-8AEB-E08C49D48320}.Release|Any CPU.Build.0 = Release|Any CPU
		{50C5D307-B798-490C-AF7A-AB221F0D12AE}.Debug|Any CPU.ActiveCfg = Debug|Any CPU
		{50C5D307-B798-490C-AF7A-AB221F0D12AE}.Debug|Any CPU.Build.0 = Debug|Any CPU
		{50C5D307-B798-490C-AF7A-AB221F0D12AE}.Release|Any CPU.ActiveCfg = Release|Any CPU
		{50C5D307-B798-490C-AF7A-AB221F0D12AE}.Release|Any CPU.Build.0 = Release|Any CPU
	EndGlobalSection
	GlobalSection(SolutionProperties) = preSolution
		HideSolutionNode = FALSE
	EndGlobalSection
	GlobalSection(ExtensibilityGlobals) = postSolution
		SolutionGuid = {94A6B056-75C4-43B5-9465-DDCF92FA4184}
	EndGlobalSection
EndGlobal
